
Microsoft Visual Studio Solution File, Format Version 11.00
# Visual Studio 2010
Project("{FAE04EC0-301F-11D3-BF4B-00C04F79EFBC}") = "TC", "TC.csproj", "{BBDCDA7F-277F-42D4-B68D-F84A392BDF74}"
EndProject
Global
	GlobalSection(SolutionConfigurationPlatforms) = preSolution
		Debug|Any CPU = Debug|Any CPU
		Release|Any CPU = Release|Any CPU
	EndGlobalSection
	GlobalSection(ProjectConfigurationPlatforms) = postSolution
		{BBDCDA7F-277F-42D4-B68D-F84A392BDF74}.Debug|Any CPU.ActiveCfg = Debug|Any CPU
		{BBDCDA7F-277F-42D4-B68D-F84A392BDF74}.Debug|Any CPU.Build.0 = Debug|Any CPU
		{BBDCDA7F-277F-42D4-B68D-F84A392BDF74}.Release|Any CPU.ActiveCfg = Release|Any CPU
		{BBDCDA7F-277F-42D4-B68D-F84A392BDF74}.Release|Any CPU.Build.0 = Release|Any CPU
	EndGlobalSection
	GlobalSection(SolutionProperties) = preSolution
		HideSolutionNode = FALSE
	EndGlobalSection
EndGlobal
